
Microsoft Visual Studio Solution File, Format Version 12.00
# Visual Studio Version 17
VisualStudioVersion = 17.6.33829.357
MinimumVisualStudioVersion = 10.0.40219.1
Project("{FAE04EC0-301F-11D3-BF4B-00C04F79EFBC}") = "ecommerce", "ecommerce\ecommerce.csproj", "{3CCDF035-E8E6-4A9B-BD8F-D5D3329DC2C1}"
EndProject
Global
	GlobalSection(SolutionConfigurationPlatforms) = preSolution
		Debug|Any CPU = Debug|Any CPU
		Release|Any CPU = Release|Any CPU
	EndGlobalSection
	GlobalSection(ProjectConfigurationPlatforms) = postSolution
		{3CCDF035-E8E6-4A9B-BD8F-D5D3329DC2C1}.Debug|Any CPU.ActiveCfg = Debug|Any CPU
		{3CCDF035-E8E6-4A9B-BD8F-D5D3329DC2C1}.Debug|Any CPU.Build.0 = Debug|Any CPU
		{3CCDF035-E8E6-4A9B-BD8F-D5D3329DC2C1}.Release|Any CPU.ActiveCfg = Release|Any CPU
		{3CCDF035-E8E6-4A9B-BD8F-D5D3329DC2C1}.Release|Any CPU.Build.0 = Release|Any CPU
	EndGlobalSection
	GlobalSection(SolutionProperties) = preSolution
		HideSolutionNode = FALSE
	EndGlobalSection
	GlobalSection(ExtensibilityGlobals) = postSolution
		SolutionGuid = {B2026A79-9A9D-4480-837D-DD2EB752BE04}
	EndGlobalSection
EndGlobal
